{
  "name": "lore-web",
  "version": "0.1.0",
  "lockfileVersion": 3,
  "requires": true,
  "packages": {
    "": {
      "name": "lore-web",
      "version": "0.1.0",
      "dependencies": {
        "@lore-vcs/sdk": "^0.10.0"
      },
      "engines": {
        "node": ">=18 <25"
      }
    },
    "node_modules/@lore-vcs/sdk": {
      "version": "0.10.0",
      "resolved": "https://registry.npmjs.org/@lore-vcs/sdk/-/sdk-0.10.0.tgz",
      "integrity": "sha512-BS/GFJhO/4Xf1Thv/iZYMvFqqeHRmmEppcqZdwjSDO2C6fqLn8wJcMZ4lF4Rvp/T0GYTxqx5sb1ZXJIwFnJFRA==",
      "license": "MIT",
      "dependencies": {
        "koffi": "2.16.2"
      },
      "optionalDependencies": {
        "@lore-vcs/sdk-amd64-unknown-linux": "v0.10.0",
        "@lore-vcs/sdk-amd64-unknown-windows": "v0.10.0",
        "@lore-vcs/sdk-arm64-apple-darwin": "v0.10.0",
        "@lore-vcs/sdk-arm64-graviton-linux": "v0.10.0"
      }
    },
    "node_modules/@lore-vcs/sdk-amd64-unknown-linux": {
      "version": "0.10.0",
      "resolved": "https://registry.npmjs.org/@lore-vcs/sdk-amd64-unknown-linux/-/sdk-amd64-unknown-linux-0.10.0.tgz",
      "integrity": "sha512-qd2ZsdbMwzll/mB/+x8DXYM4xwIh+sGkxO3Ou+UUyT+aRRb4Pu83Tjio2KJXtpi55t5rk3/hPUA+yyVvQQyRKA==",
      "cpu": [
        "x64"
      ],
      "license": "MIT",
      "optional": true,
      "os": [
        "linux"
      ]
    },
    "node_modules/@lore-vcs/sdk-amd64-unknown-windows": {
      "version": "0.10.0",
      "resolved": "https://registry.npmjs.org/@lore-vcs/sdk-amd64-unknown-windows/-/sdk-amd64-unknown-windows-0.10.0.tgz",
      "integrity": "sha512-EDvlcNE/5XtRaMWgxACJXbVtPU4LagSlQJmJodlD10x+42N3EdOlm0buaOk+GG7vSocHNv43LC7kzu6LwYeErA==",
      "cpu": [
        "x64"
      ],
      "license": "MIT",
      "optional": true,
      "os": [
        "win32"
      ]
    },
    "node_modules/@lore-vcs/sdk-arm64-apple-darwin": {
      "version": "0.10.0",
      "resolved": "https://registry.npmjs.org/@lore-vcs/sdk-arm64-apple-darwin/-/sdk-arm64-apple-darwin-0.10.0.tgz",
      "integrity": "sha512-0n3hlXhOTRTAd0rqKH2zrMBotYdXY08cX2vnL+W6qlU/yQrjZF2QWcRcmwtU9ovuXwK8VpeyrxNYw0QuCqX2qg==",
      "cpu": [
        "arm64"
      ],
      "license": "MIT",
      "optional": true,
      "os": [
        "darwin"
      ]
    },
    "node_modules/@lore-vcs/sdk-arm64-graviton-linux": {
      "version": "0.10.0",
      "resolved": "https://registry.npmjs.org/@lore-vcs/sdk-arm64-graviton-linux/-/sdk-arm64-graviton-linux-0.10.0.tgz",
      "integrity": "sha512-ZyJ+iYUzK+W43Zr9ptgv9GkQVaHj8rmBeMuQFGG0BFAXbA2xruIiufwNVdjQu6YwWDT7lDx7V6rolVZtrstQ7Q==",
      "cpu": [
        "arm64"
      ],
      "license": "MIT",
      "optional": true,
      "os": [
        "linux"
      ]
    },
    "node_modules/koffi": {
      "version": "2.16.2",
      "resolved": "https://registry.npmjs.org/koffi/-/koffi-2.16.2.tgz",
      "integrity": "sha512-owU0MRwv6xkrVqCd+33uw6BaYppkTRXbO/rVdJNI2dvZG0gzyRhYwW25eWtc5pauwK8TGh3AbkFONSezdykfSA==",
      "hasInstallScript": true,
      "license": "MIT",
      "funding": {
        "url": "https://liberapay.com/Koromix"
      }
    }
  }
}
