{
  "name": "lore-web",
  "version": "0.1.0",
  "lockfileVersion": 3,
  "requires": true,
  "packages": {
    "": {
      "name": "lore-web",
      "version": "0.1.0",
      "dependencies": {
        "@lore-vcs/sdk": "^0.8.6"
      },
      "engines": {
        "node": ">=18 <25"
      }
    },
    "node_modules/@lore-vcs/sdk": {
      "version": "0.8.6",
      "resolved": "https://registry.npmjs.org/@lore-vcs/sdk/-/sdk-0.8.6.tgz",
      "integrity": "sha512-H37ULmzSbIKu9g02x8qz0/muFTlZBhxqL8VsLNGYCog4/9k5+TnKJL4BKPIoysQvPjXMveJnuJzSQ8xISqAqjw==",
      "license": "MIT",
      "dependencies": {
        "koffi": "2.16.2"
      },
      "optionalDependencies": {
        "@lore-vcs/sdk-amd64-unknown-linux": "v0.8.6",
        "@lore-vcs/sdk-amd64-unknown-windows": "v0.8.6",
        "@lore-vcs/sdk-arm64-apple-darwin": "v0.8.6",
        "@lore-vcs/sdk-arm64-graviton-linux": "v0.8.6"
      }
    },
    "node_modules/@lore-vcs/sdk-amd64-unknown-linux": {
      "version": "0.8.6",
      "resolved": "https://registry.npmjs.org/@lore-vcs/sdk-amd64-unknown-linux/-/sdk-amd64-unknown-linux-0.8.6.tgz",
      "integrity": "sha512-teNKpKTvaa+MHrt5ILDpTm9Vfb6x8SqV8zvZZYhfj888Y9pHxTzm2QKZdv6HWuSe9ch6Bzl7gxQRpyGU8sUGkw==",
      "cpu": [
        "x64"
      ],
      "license": "MIT",
      "optional": true,
      "os": [
        "linux"
      ]
    },
    "node_modules/@lore-vcs/sdk-amd64-unknown-windows": {
      "version": "0.8.6",
      "resolved": "https://registry.npmjs.org/@lore-vcs/sdk-amd64-unknown-windows/-/sdk-amd64-unknown-windows-0.8.6.tgz",
      "integrity": "sha512-VxwNN61oqgUa+0VKlQsXYyJbV3u2gg3V0pwC9PbVxj30F8DpYDZUZw3+k/gQz3NDMS+4/XSQF9oZEswWGYGy9g==",
      "cpu": [
        "x64"
      ],
      "license": "MIT",
      "optional": true,
      "os": [
        "win32"
      ]
    },
    "node_modules/@lore-vcs/sdk-arm64-apple-darwin": {
      "version": "0.8.6",
      "resolved": "https://registry.npmjs.org/@lore-vcs/sdk-arm64-apple-darwin/-/sdk-arm64-apple-darwin-0.8.6.tgz",
      "integrity": "sha512-mjx6ARDQ0q4FN3ne5lD6SWCoMc+zJ+3T9KTKcRttS1B62m/qNbuVrp+rTdByPby2LZ+QhdK7KJCfMjPh+zOyAg==",
      "cpu": [
        "arm64"
      ],
      "license": "MIT",
      "optional": true,
      "os": [
        "darwin"
      ]
    },
    "node_modules/@lore-vcs/sdk-arm64-graviton-linux": {
      "version": "0.8.6",
      "resolved": "https://registry.npmjs.org/@lore-vcs/sdk-arm64-graviton-linux/-/sdk-arm64-graviton-linux-0.8.6.tgz",
      "integrity": "sha512-psyCxlOeAR4a6edDgjEKsPwjU3nuMsLIqgeBhWTWHL8LzdEqsoLblEZGJEK7ifZzGE8ysXIGkSHXjexPmRZ1uA==",
      "cpu": [
        "arm64"
      ],
      "license": "MIT",
      "optional": true,
      "os": [
        "linux"
      ]
    },
    "node_modules/koffi": {
      "version": "2.16.2",
      "resolved": "https://registry.npmjs.org/koffi/-/koffi-2.16.2.tgz",
      "integrity": "sha512-owU0MRwv6xkrVqCd+33uw6BaYppkTRXbO/rVdJNI2dvZG0gzyRhYwW25eWtc5pauwK8TGh3AbkFONSezdykfSA==",
      "hasInstallScript": true,
      "license": "MIT",
      "funding": {
        "url": "https://liberapay.com/Koromix"
      }
    }
  }
}
