{
  "name": "lore-web",
  "version": "0.1.0",
  "lockfileVersion": 3,
  "requires": true,
  "packages": {
    "": {
      "name": "lore-web",
      "version": "0.1.0",
      "dependencies": {
        "@lore-vcs/sdk": "0.8.5"
      },
      "engines": {
        "node": ">=18 <25"
      }
    },
    "node_modules/@lore-vcs/sdk": {
      "version": "0.8.5",
      "resolved": "https://registry.npmjs.org/@lore-vcs/sdk/-/sdk-0.8.5.tgz",
      "integrity": "sha512-W14wgalESaD5+bF3pXCjOVI82Q0UOVO69qYAxv7N/7dV8Jz84t2AQT9ZGTlVVSmenOOaxAZswlrXaLzSPshzeg==",
      "license": "MIT",
      "dependencies": {
        "koffi": "2.16.2"
      },
      "optionalDependencies": {
        "@lore-vcs/sdk-amd64-unknown-linux": "v0.8.5",
        "@lore-vcs/sdk-amd64-unknown-windows": "v0.8.5",
        "@lore-vcs/sdk-arm64-apple-darwin": "v0.8.5",
        "@lore-vcs/sdk-arm64-graviton-linux": "v0.8.5"
      }
    },
    "node_modules/@lore-vcs/sdk-amd64-unknown-linux": {
      "version": "0.8.5",
      "resolved": "https://registry.npmjs.org/@lore-vcs/sdk-amd64-unknown-linux/-/sdk-amd64-unknown-linux-0.8.5.tgz",
      "integrity": "sha512-5nkqjvVVH5lvF4B6dXHVb1XiKLrw7PFnpVA1CMp2/avdW+rIYe+9U1PYsam1BskSLOX5fYjxoky2stWEEi5QXw==",
      "cpu": [
        "x64"
      ],
      "license": "MIT",
      "optional": true,
      "os": [
        "linux"
      ]
    },
    "node_modules/@lore-vcs/sdk-amd64-unknown-windows": {
      "version": "0.8.5",
      "resolved": "https://registry.npmjs.org/@lore-vcs/sdk-amd64-unknown-windows/-/sdk-amd64-unknown-windows-0.8.5.tgz",
      "integrity": "sha512-beGMGta2RsARgFR7ty/xOD4ERts8DZGmNxz1SXq5/j++KS5w2LNexeBnYhIKNvWhjN0KKVSZh9bWORs/LcYJHA==",
      "cpu": [
        "x64"
      ],
      "license": "MIT",
      "optional": true,
      "os": [
        "win32"
      ]
    },
    "node_modules/@lore-vcs/sdk-arm64-apple-darwin": {
      "version": "0.8.5",
      "resolved": "https://registry.npmjs.org/@lore-vcs/sdk-arm64-apple-darwin/-/sdk-arm64-apple-darwin-0.8.5.tgz",
      "integrity": "sha512-S4g76PRJbSsvQQQGej5+bK6n5A0dFi7WoS40kcdbGUK3IFENlCPs7OFBTmUv5CbC2GLkXBpSJ2mpDiN9G/kwFQ==",
      "cpu": [
        "arm64"
      ],
      "license": "MIT",
      "optional": true,
      "os": [
        "darwin"
      ]
    },
    "node_modules/@lore-vcs/sdk-arm64-graviton-linux": {
      "version": "0.8.5",
      "resolved": "https://registry.npmjs.org/@lore-vcs/sdk-arm64-graviton-linux/-/sdk-arm64-graviton-linux-0.8.5.tgz",
      "integrity": "sha512-wV0U+CaUCo5SeHHGJPO+vMSgN0188XyMVM1/ieip+yGem9w3dHxmW4mk67QFu2yOSzAjtAVfHuhkUo2w+hVksg==",
      "cpu": [
        "arm64"
      ],
      "license": "MIT",
      "optional": true,
      "os": [
        "linux"
      ]
    },
    "node_modules/koffi": {
      "version": "2.16.2",
      "resolved": "https://registry.npmjs.org/koffi/-/koffi-2.16.2.tgz",
      "integrity": "sha512-owU0MRwv6xkrVqCd+33uw6BaYppkTRXbO/rVdJNI2dvZG0gzyRhYwW25eWtc5pauwK8TGh3AbkFONSezdykfSA==",
      "hasInstallScript": true,
      "license": "MIT",
      "funding": {
        "url": "https://liberapay.com/Koromix"
      }
    }
  }
}
